{
  "name": "n8n-whatsapp-baileys",
  "version": "1.0.0",
  "lockfileVersion": 3,
  "requires": true,
  "packages": {
    "": {
      "name": "n8n-whatsapp-baileys",
      "version": "1.0.0",
      "dependencies": {
        "@whiskeysockets/baileys": "^6.7.9",
        "express": "^4.21.2",
        "qrcode": "^1.5.4"
      }
    }
  }
}

